
Microsoft Visual Studio Solution File, Format Version 12.00
# Visual Studio Version 17
VisualStudioVersion = 17.10.34916.146
MinimumVisualStudioVersion = 10.0.40219.1
Project("{9A19103F-16F7-4668-BE54-9A1E7A4F7556}") = "HuzzyApi", "HuzzyApi\HuzzyApi.csproj", "{60E0CD67-0625-48A3-8DCC-06D0E9193FFB}"
EndProject
Project("{FAE04EC0-301F-11D3-BF4B-00C04F79EFBC}") = "HuzzyApi.UnitTests", "HuzzyApi.UnitTests\HuzzyApi.UnitTests.csproj", "{8411FD57-09BB-4B32-A939-7DCAAAAF886C}"
EndProject
Global
	GlobalSection(SolutionConfigurationPlatforms) = preSolution
		Debug|Any CPU = Debug|Any CPU
		Release|Any CPU = Release|Any CPU
	EndGlobalSection
	GlobalSection(ProjectConfigurationPlatforms) = postSolution
		{60E0CD67-0625-48A3-8DCC-06D0E9193FFB}.Debug|Any CPU.ActiveCfg = Debug|Any CPU
		{60E0CD67-0625-48A3-8DCC-06D0E9193FFB}.Debug|Any CPU.Build.0 = Debug|Any CPU
		{60E0CD67-0625-48A3-8DCC-06D0E9193FFB}.Release|Any CPU.ActiveCfg = Release|Any CPU
		{60E0CD67-0625-48A3-8DCC-06D0E9193FFB}.Release|Any CPU.Build.0 = Release|Any CPU
		{8411FD57-09BB-4B32-A939-7DCAAAAF886C}.Debug|Any CPU.ActiveCfg = Debug|Any CPU
		{8411FD57-09BB-4B32-A939-7DCAAAAF886C}.Debug|Any CPU.Build.0 = Debug|Any CPU
		{8411FD57-09BB-4B32-A939-7DCAAAAF886C}.Release|Any CPU.ActiveCfg = Release|Any CPU
		{8411FD57-09BB-4B32-A939-7DCAAAAF886C}.Release|Any CPU.Build.0 = Release|Any CPU
	EndGlobalSection
	GlobalSection(SolutionProperties) = preSolution
		HideSolutionNode = FALSE
	EndGlobalSection
	GlobalSection(ExtensibilityGlobals) = postSolution
		SolutionGuid = {A8C2CF92-9E26-4686-9ABF-3BD257003F85}
	EndGlobalSection
EndGlobal
